
Microsoft Visual Studio Solution File, Format Version 12.00
# Visual Studio Version 17
VisualStudioVersion = 17.9.34616.47
MinimumVisualStudioVersion = 10.0.40219.1
Project("{9A19103F-16F7-4668-BE54-9A1E7A4F7556}") = "GRIFData", "GRIFData\GRIFData.csproj", "{A2CBF411-9E3B-42A1-9487-9744394185AD}"
EndProject
Project("{9A19103F-16F7-4668-BE54-9A1E7A4F7556}") = "GROD", "..\GROD\GROD\GROD.csproj", "{F41FBB92-000F-4B5F-8F88-34DF84A3282E}"
EndProject
Project("{9A19103F-16F7-4668-BE54-9A1E7A4F7556}") = "DAGS", "..\DAGS\DAGS\DAGS.csproj", "{8C378C42-09ED-458A-B2DA-F0205AF34847}"
EndProject
Global
	GlobalSection(SolutionConfigurationPlatforms) = preSolution
		Debug|Any CPU = Debug|Any CPU
		Release|Any CPU = Release|Any CPU
	EndGlobalSection
	GlobalSection(ProjectConfigurationPlatforms) = postSolution
		{A2CBF411-9E3B-42A1-9487-9744394185AD}.Debug|Any CPU.ActiveCfg = Debug|Any CPU
		{A2CBF411-9E3B-42A1-9487-9744394185AD}.Debug|Any CPU.Build.0 = Debug|Any CPU
		{A2CBF411-9E3B-42A1-9487-9744394185AD}.Release|Any CPU.ActiveCfg = Release|Any CPU
		{A2CBF411-9E3B-42A1-9487-9744394185AD}.Release|Any CPU.Build.0 = Release|Any CPU
		{F41FBB92-000F-4B5F-8F88-34DF84A3282E}.Debug|Any CPU.ActiveCfg = Debug|Any CPU
		{F41FBB92-000F-4B5F-8F88-34DF84A3282E}.Debug|Any CPU.Build.0 = Debug|Any CPU
		{F41FBB92-000F-4B5F-8F88-34DF84A3282E}.Release|Any CPU.ActiveCfg = Release|Any CPU
		{F41FBB92-000F-4B5F-8F88-34DF84A3282E}.Release|Any CPU.Build.0 = Release|Any CPU
		{8C378C42-09ED-458A-B2DA-F0205AF34847}.Debug|Any CPU.ActiveCfg = Debug|Any CPU
		{8C378C42-09ED-458A-B2DA-F0205AF34847}.Debug|Any CPU.Build.0 = Debug|Any CPU
		{8C378C42-09ED-458A-B2DA-F0205AF34847}.Release|Any CPU.ActiveCfg = Release|Any CPU
		{8C378C42-09ED-458A-B2DA-F0205AF34847}.Release|Any CPU.Build.0 = Release|Any CPU
	EndGlobalSection
	GlobalSection(SolutionProperties) = preSolution
		HideSolutionNode = FALSE
	EndGlobalSection
	GlobalSection(ExtensibilityGlobals) = postSolution
		SolutionGuid = {1059567A-E10D-4904-9C7E-269FA9DE930D}
	EndGlobalSection
EndGlobal
